
Microsoft Visual Studio Solution File, Format Version 12.00
# Visual Studio 15
VisualStudioVersion = 15.0.28307.106
MinimumVisualStudioVersion = 10.0.40219.1
Project("{FAE04EC0-301F-11D3-BF4B-00C04F79EFBC}") = "Sales.Android", "Sales\Sales.Android\Sales.Android.csproj", "{D6E2679B-C10B-45FC-99CD-A2744007085E}"
EndProject
Project("{FAE04EC0-301F-11D3-BF4B-00C04F79EFBC}") = "Sales.iOS", "Sales\Sales.iOS\Sales.iOS.csproj", "{C384C7B7-18F2-453A-80B6-D71102185F2E}"
EndProject
Project("{FAE04EC0-301F-11D3-BF4B-00C04F79EFBC}") = "Sales.UWP", "Sales\Sales.UWP\Sales.UWP.csproj", "{D79B5E31-5CA2-4490-820C-EF2B7D64A100}"
EndProject
Project("{9A19103F-16F7-4668-BE54-9A1E7A4F7556}") = "Sales", "Sales\Sales\Sales.csproj", "{9109F8AD-4A29-4319-A555-AE0530198A36}"
EndProject
Project("{FAE04EC0-301F-11D3-BF4B-00C04F79EFBC}") = "Sales.Backend", "Sales.Backend\Sales.Backend.csproj", "{6B0C352B-42B0-4335-8444-DCFC9C77EB25}"
EndProject
Project("{FAE04EC0-301F-11D3-BF4B-00C04F79EFBC}") = "Sales.API", "Sales.API\Sales.API.csproj", "{0879FBF0-48CF-4EE2-9117-BFEF4845DCB2}"
EndProject
Project("{FAE04EC0-301F-11D3-BF4B-00C04F79EFBC}") = "Sales.Domain", "Sales.Domain\Sales.Domain.csproj", "{F758E20A-9CA6-4E14-ADEE-0C7D8DB841A5}"
EndProject
Project("{FAE04EC0-301F-11D3-BF4B-00C04F79EFBC}") = "Sales.Common", "Sales.Common\Sales.Common.csproj", "{5A93153A-3E71-414C-BDC5-E0009C9E3B3F}"
EndProject
Global
	GlobalSection(SolutionConfigurationPlatforms) = preSolution
		Ad-Hoc|Any CPU = Ad-Hoc|Any CPU
		Ad-Hoc|ARM = Ad-Hoc|ARM
		Ad-Hoc|iPhone = Ad-Hoc|iPhone
		Ad-Hoc|iPhoneSimulator = Ad-Hoc|iPhoneSimulator
		Ad-Hoc|x64 = Ad-Hoc|x64
		Ad-Hoc|x86 = Ad-Hoc|x86
		AppStore|Any CPU = AppStore|Any CPU
		AppStore|ARM = AppStore|ARM
		AppStore|iPhone = AppStore|iPhone
		AppStore|iPhoneSimulator = AppStore|iPhoneSimulator
		AppStore|x64 = AppStore|x64
		AppStore|x86 = AppStore|x86
		Debug|Any CPU = Debug|Any CPU
		Debug|ARM = Debug|ARM
		Debug|iPhone = Debug|iPhone
		Debug|iPhoneSimulator = Debug|iPhoneSimulator
		Debug|x64 = Debug|x64
		Debug|x86 = Debug|x86
		Release|Any CPU = Release|Any CPU
		Release|ARM = Release|ARM
		Release|iPhone = Release|iPhone
		Release|iPhoneSimulator = Release|iPhoneSimulator
		Release|x64 = Release|x64
		Release|x86 = Release|x86
	EndGlobalSection
	GlobalSection(ProjectConfigurationPlatforms) = postSolution
		{D6E2679B-C10B-45FC-99CD-A2744007085E}.Ad-Hoc|Any CPU.ActiveCfg = Release|Any CPU
		{D6E2679B-C10B-45FC-99CD-A2744007085E}.Ad-Hoc|Any CPU.Build.0 = Release|Any CPU
		{D6E2679B-C10B-45FC-99CD-A2744007085E}.Ad-Hoc|Any CPU.Deploy.0 = Release|Any CPU
		{D6E2679B-C10B-45FC-99CD-A2744007085E}.Ad-Hoc|ARM.ActiveCfg = Release|Any CPU
		{D6E2679B-C10B-45FC-99CD-A2744007085E}.Ad-Hoc|ARM.Build.0 = Release|Any CPU
		{D6E2679B-C10B-45FC-99CD-A2744007085E}.Ad-Hoc|ARM.Deploy.0 = Release|Any CPU
		{D6E2679B-C10B-45FC-99CD-A2744007085E}.Ad-Hoc|iPhone.ActiveCfg = Release|Any CPU
		{D6E2679B-C10B-45FC-99CD-A2744007085E}.Ad-Hoc|iPhone.Build.0 = Release|Any CPU
		{D6E2679B-C10B-45FC-99CD-A2744007085E}.Ad-Hoc|iPhone.Deploy.0 = Release|Any CPU
		{D6E2679B-C10B-45FC-99CD-A2744007085E}.Ad-Hoc|iPhoneSimulator.ActiveCfg = Release|Any CPU
		{D6E2679B-C10B-45FC-99CD-A2744007085E}.Ad-Hoc|iPhoneSimulator.Build.0 = Release|Any CPU
		{D6E2679B-C10B-45FC-99CD-A2744007085E}.Ad-Hoc|iPhoneSimulator.Deploy.0 = Release|Any CPU
		{D6E2679B-C10B-45FC-99CD-A2744007085E}.Ad-Hoc|x64.ActiveCfg = Release|Any CPU
		{D6E2679B-C10B-45FC-99CD-A2744007085E}.Ad-Hoc|x64.Build.0 = Release|Any CPU
		{D6E2679B-C10B-45FC-99CD-A2744007085E}.Ad-Hoc|x64.Deploy.0 = Release|Any CPU
		{D6E2679B-C10B-45FC-99CD-A2744007085E}.Ad-Hoc|x86.ActiveCfg = Release|Any CPU
		{D6E2679B-C10B-45FC-99CD-A2744007085E}.Ad-Hoc|x86.Build.0 = Release|Any CPU
		{D6E2679B-C10B-45FC-99CD-A2744007085E}.Ad-Hoc|x86.Deploy.0 = Release|Any CPU
		{D6E2679B-C10B-45FC-99CD-A2744007085E}.AppStore|Any CPU.ActiveCfg = Release|Any CPU
		{D6E2679B-C10B-45FC-99CD-A2744007085E}.AppStore|Any CPU.Build.0 = Release|Any CPU
		{D6E2679B-C10B-45FC-99CD-A2744007085E}.AppStore|Any CPU.Deploy.0 = Release|Any CPU
		{D6E2679B-C10B-45FC-99CD-A2744007085E}.AppStore|ARM.ActiveCfg = Release|Any CPU
		{D6E2679B-C10B-45FC-99CD-A2744007085E}.AppStore|ARM.Build.0 = Release|Any CPU
		{D6E2679B-C10B-45FC-99CD-A2744007085E}.AppStore|ARM.Deploy.0 = Release|Any CPU
		{D6E2679B-C10B-45FC-99CD-A2744007085E}.AppStore|iPhone.ActiveCfg = Release|Any CPU
		{D6E2679B-C10B-45FC-99CD-A2744007085E}.AppStore|iPhone.Build.0 = Release|Any CPU
		{D6E2679B-C10B-45FC-99CD-A2744007085E}.AppStore|iPhone.Deploy.0 = Release|Any CPU
		{D6E2679B-C10B-45FC-99CD-A2744007085E}.AppStore|iPhoneSimulator.ActiveCfg = Release|Any CPU
		{D6E2679B-C10B-45FC-99CD-A2744007085E}.AppStore|iPhoneSimulator.Build.0 = Release|Any CPU
		{D6E2679B-C10B-45FC-99CD-A2744007085E}.AppStore|iPhoneSimulator.Deploy.0 = Release|Any CPU
		{D6E2679B-C10B-45FC-99CD-A2744007085E}.AppStore|x64.ActiveCfg = Release|Any CPU
		{D6E2679B-C10B-45FC-99CD-A2744007085E}.AppStore|x64.Build.0 = Release|Any CPU
		{D6E2679B-C10B-45FC-99CD-A2744007085E}.AppStore|x64.Deploy.0 = Release|Any CPU
		{D6E2679B-C10B-45FC-99CD-A2744007085E}.AppStore|x86.ActiveCfg = Release|Any CPU
		{D6E2679B-C10B-45FC-99CD-A2744007085E}.AppStore|x86.Build.0 = Release|Any CPU
		{D6E2679B-C10B-45FC-99CD-A2744007085E}.AppStore|x86.Deploy.0 = Release|Any CPU
		{D6E2679B-C10B-45FC-99CD-A2744007085E}.Debug|Any CPU.ActiveCfg = Debug|Any CPU
		{D6E2679B-C10B-45FC-99CD-A2744007085E}.Debug|Any CPU.Build.0 = Debug|Any CPU
		{D6E2679B-C10B-45FC-99CD-A2744007085E}.Debug|Any CPU.Deploy.0 = Debug|Any CPU
		{D6E2679B-C10B-45FC-99CD-A2744007085E}.Debug|ARM.ActiveCfg = Debug|Any CPU
		{D6E2679B-C10B-45FC-99CD-A2744007085E}.Debug|ARM.Build.0 = Debug|Any CPU
		{D6E2679B-C10B-45FC-99CD-A2744007085E}.Debug|ARM.Deploy.0 = Debug|Any CPU
		{D6E2679B-C10B-45FC-99CD-A2744007085E}.Debug|iPhone.ActiveCfg = Debug|Any CPU
		{D6E2679B-C10B-45FC-99CD-A2744007085E}.Debug|iPhone.Build.0 = Debug|Any CPU
		{D6E2679B-C10B-45FC-99CD-A2744007085E}.Debug|iPhone.Deploy.0 = Debug|Any CPU
		{D6E2679B-C10B-45FC-99CD-A2744007085E}.Debug|iPhoneSimulator.ActiveCfg = Debug|Any CPU
		{D6E2679B-C10B-45FC-99CD-A2744007085E}.Debug|iPhoneSimulator.Build.0 = Debug|Any CPU
		{D6E2679B-C10B-45FC-99CD-A2744007085E}.Debug|iPhoneSimulator.Deploy.0 = Debug|Any CPU
		{D6E2679B-C10B-45FC-99CD-A2744007085E}.Debug|x64.ActiveCfg = Debug|Any CPU
		{D6E2679B-C10B-45FC-99CD-A2744007085E}.Debug|x64.Build.0 = Debug|Any CPU
		{D6E2679B-C10B-45FC-99CD-A2744007085E}.Debug|x64.Deploy.0 = Debug|Any CPU
		{D6E2679B-C10B-45FC-99CD-A2744007085E}.Debug|x86.ActiveCfg = Debug|Any CPU
		{D6E2679B-C10B-45FC-99CD-A2744007085E}.Debug|x86.Build.0 = Debug|Any CPU
		{D6E2679B-C10B-45FC-99CD-A2744007085E}.Debug|x86.Deploy.0 = Debug|Any CPU
		{D6E2679B-C10B-45FC-99CD-A2744007085E}.Release|Any CPU.ActiveCfg = Release|Any CPU
		{D6E2679B-C10B-45FC-99CD-A2744007085E}.Release|Any CPU.Build.0 = Release|Any CPU
		{D6E2679B-C10B-45FC-99CD-A2744007085E}.Release|Any CPU.Deploy.0 = Release|Any CPU
		{D6E2679B-C10B-45FC-99CD-A2744007085E}.Release|ARM.ActiveCfg = Release|Any CPU
		{D6E2679B-C10B-45FC-99CD-A2744007085E}.Release|ARM.Build.0 = Release|Any CPU
		{D6E2679B-C10B-45FC-99CD-A2744007085E}.Release|ARM.Deploy.0 = Release|Any CPU
		{D6E2679B-C10B-45FC-99CD-A2744007085E}.Release|iPhone.ActiveCfg = Release|Any CPU
		{D6E2679B-C10B-45FC-99CD-A2744007085E}.Release|iPhone.Build.0 = Release|Any CPU
		{D6E2679B-C10B-45FC-99CD-A2744007085E}.Release|iPhone.Deploy.0 = Release|Any CPU
		{D6E2679B-C10B-45FC-99CD-A2744007085E}.Release|iPhoneSimulator.ActiveCfg = Release|Any CPU
		{D6E2679B-C10B-45FC-99CD-A2744007085E}.Release|iPhoneSimulator.Build.0 = Release|Any CPU
		{D6E2679B-C10B-45FC-99CD-A2744007085E}.Release|iPhoneSimulator.Deploy.0 = Release|Any CPU
		{D6E2679B-C10B-45FC-99CD-A2744007085E}.Release|x64.ActiveCfg = Release|Any CPU
		{D6E2679B-C10B-45FC-99CD-A2744007085E}.Release|x64.Build.0 = Release|Any CPU
		{D6E2679B-C10B-45FC-99CD-A2744007085E}.Release|x64.Deploy.0 = Release|Any CPU
		{D6E2679B-C10B-45FC-99CD-A2744007085E}.Release|x86.ActiveCfg = Release|Any CPU
		{D6E2679B-C10B-45FC-99CD-A2744007085E}.Release|x86.Build.0 = Release|Any CPU
		{D6E2679B-C10B-45FC-99CD-A2744007085E}.Release|x86.Deploy.0 = Release|Any CPU
		{C384C7B7-18F2-453A-80B6-D71102185F2E}.Ad-Hoc|Any CPU.ActiveCfg = Ad-Hoc|iPhone
		{C384C7B7-18F2-453A-80B6-D71102185F2E}.Ad-Hoc|Any CPU.Build.0 = Ad-Hoc|iPhone
		{C384C7B7-18F2-453A-80B6-D71102185F2E}.Ad-Hoc|Any CPU.Deploy.0 = Ad-Hoc|iPhone
		{C384C7B7-18F2-453A-80B6-D71102185F2E}.Ad-Hoc|ARM.ActiveCfg = Ad-Hoc|iPhone
		{C384C7B7-18F2-453A-80B6-D71102185F2E}.Ad-Hoc|ARM.Build.0 = Ad-Hoc|iPhone
		{C384C7B7-18F2-453A-80B6-D71102185F2E}.Ad-Hoc|ARM.Deploy.0 = Ad-Hoc|iPhone
		{C384C7B7-18F2-453A-80B6-D71102185F2E}.Ad-Hoc|iPhone.ActiveCfg = Ad-Hoc|iPhone
		{C384C7B7-18F2-453A-80B6-D71102185F2E}.Ad-Hoc|iPhone.Build.0 = Ad-Hoc|iPhone
		{C384C7B7-18F2-453A-80B6-D71102185F2E}.Ad-Hoc|iPhone.Deploy.0 = Ad-Hoc|iPhone
		{C384C7B7-18F2-453A-80B6-D71102185F2E}.Ad-Hoc|iPhoneSimulator.ActiveCfg = Ad-Hoc|iPhoneSimulator
		{C384C7B7-18F2-453A-80B6-D71102185F2E}.Ad-Hoc|iPhoneSimulator.Build.0 = Ad-Hoc|iPhoneSimulator
		{C384C7B7-18F2-453A-80B6-D71102185F2E}.Ad-Hoc|iPhoneSimulator.Deploy.0 = Ad-Hoc|iPhoneSimulator
		{C384C7B7-18F2-453A-80B6-D71102185F2E}.Ad-Hoc|x64.ActiveCfg = Ad-Hoc|iPhone
		{C384C7B7-18F2-453A-80B6-D71102185F2E}.Ad-Hoc|x64.Build.0 = Ad-Hoc|iPhone
		{C384C7B7-18F2-453A-80B6-D71102185F2E}.Ad-Hoc|x64.Deploy.0 = Ad-Hoc|iPhone
		{C384C7B7-18F2-453A-80B6-D71102185F2E}.Ad-Hoc|x86.ActiveCfg = Ad-Hoc|iPhone
		{C384C7B7-18F2-453A-80B6-D71102185F2E}.Ad-Hoc|x86.Build.0 = Ad-Hoc|iPhone
		{C384C7B7-18F2-453A-80B6-D71102185F2E}.Ad-Hoc|x86.Deploy.0 = Ad-Hoc|iPhone
		{C384C7B7-18F2-453A-80B6-D71102185F2E}.AppStore|Any CPU.ActiveCfg = AppStore|iPhone
		{C384C7B7-18F2-453A-80B6-D71102185F2E}.AppStore|Any CPU.Build.0 = AppStore|iPhone
		{C384C7B7-18F2-453A-80B6-D71102185F2E}.AppStore|Any CPU.Deploy.0 = AppStore|iPhone
		{C384C7B7-18F2-453A-80B6-D71102185F2E}.AppStore|ARM.ActiveCfg = AppStore|iPhone
		{C384C7B7-18F2-453A-80B6-D71102185F2E}.AppStore|ARM.Build.0 = AppStore|iPhone
		{C384C7B7-18F2-453A-80B6-D71102185F2E}.AppStore|ARM.Deploy.0 = AppStore|iPhone
		{C384C7B7-18F2-453A-80B6-D71102185F2E}.AppStore|iPhone.ActiveCfg = AppStore|iPhone
		{C384C7B7-18F2-453A-80B6-D71102185F2E}.AppStore|iPhone.Build.0 = AppStore|iPhone
		{C384C7B7-18F2-453A-80B6-D71102185F2E}.AppStore|iPhone.Deploy.0 = AppStore|iPhone
		{C384C7B7-18F2-453A-80B6-D71102185F2E}.AppStore|iPhoneSimulator.ActiveCfg = AppStore|iPhoneSimulator
		{C384C7B7-18F2-453A-80B6-D71102185F2E}.AppStore|iPhoneSimulator.Build.0 = AppStore|iPhoneSimulator
		{C384C7B7-18F2-453A-80B6-D71102185F2E}.AppStore|iPhoneSimulator.Deploy.0 = AppStore|iPhoneSimulator
		{C384C7B7-18F2-453A-80B6-D71102185F2E}.AppStore|x64.ActiveCfg = AppStore|iPhone
		{C384C7B7-18F2-453A-80B6-D71102185F2E}.AppStore|x64.Build.0 = AppStore|iPhone
		{C384C7B7-18F2-453A-80B6-D71102185F2E}.AppStore|x64.Deploy.0 = AppStore|iPhone
		{C384C7B7-18F2-453A-80B6-D71102185F2E}.AppStore|x86.ActiveCfg = AppStore|iPhone
		{C384C7B7-18F2-453A-80B6-D71102185F2E}.AppStore|x86.Build.0 = AppStore|iPhone
		{C384C7B7-18F2-453A-80B6-D71102185F2E}.AppStore|x86.Deploy.0 = AppStore|iPhone
		{C384C7B7-18F2-453A-80B6-D71102185F2E}.Debug|Any CPU.ActiveCfg = Debug|iPhoneSimulator
		{C384C7B7-18F2-453A-80B6-D71102185F2E}.Debug|Any CPU.Build.0 = Debug|iPhoneSimulator
		{C384C7B7-18F2-453A-80B6-D71102185F2E}.Debug|Any CPU.Deploy.0 = Debug|iPhoneSimulator
		{C384C7B7-18F2-453A-80B6-D71102185F2E}.Debug|ARM.ActiveCfg = Debug|iPhone
		{C384C7B7-18F2-453A-80B6-D71102185F2E}.Debug|ARM.Build.0 = Debug|iPhone
		{C384C7B7-18F2-453A-80B6-D71102185F2E}.Debug|ARM.Deploy.0 = Debug|iPhone
		{C384C7B7-18F2-453A-80B6-D71102185F2E}.Debug|iPhone.ActiveCfg = Debug|iPhone
		{C384C7B7-18F2-453A-80B6-D71102185F2E}.Debug|iPhone.Build.0 = Debug|iPhone
		{C384C7B7-18F2-453A-80B6-D71102185F2E}.Debug|iPhone.Deploy.0 = Debug|iPhone
		{C384C7B7-18F2-453A-80B6-D71102185F2E}.Debug|iPhoneSimulator.ActiveCfg = Debug|iPhoneSimulator
		{C384C7B7-18F2-453A-80B6-D71102185F2E}.Debug|iPhoneSimulator.Build.0 = Debug|iPhoneSimulator
		{C384C7B7-18F2-453A-80B6-D71102185F2E}.Debug|iPhoneSimulator.Deploy.0 = Debug|iPhoneSimulator
		{C384C7B7-18F2-453A-80B6-D71102185F2E}.Debug|x64.ActiveCfg = Debug|iPhone
		{C384C7B7-18F2-453A-80B6-D71102185F2E}.Debug|x64.Build.0 = Debug|iPhone
		{C384C7B7-18F2-453A-80B6-D71102185F2E}.Debug|x64.Deploy.0 = Debug|iPhone
		{C384C7B7-18F2-453A-80B6-D71102185F2E}.Debug|x86.ActiveCfg = Debug|iPhone
		{C384C7B7-18F2-453A-80B6-D71102185F2E}.Debug|x86.Build.0 = Debug|iPhone
		{C384C7B7-18F2-453A-80B6-D71102185F2E}.Debug|x86.Deploy.0 = Debug|iPhone
		{C384C7B7-18F2-453A-80B6-D71102185F2E}.Release|Any CPU.ActiveCfg = Release|iPhone
		{C384C7B7-18F2-453A-80B6-D71102185F2E}.Release|Any CPU.Build.0 = Release|iPhone
		{C384C7B7-18F2-453A-80B6-D71102185F2E}.Release|Any CPU.Deploy.0 = Release|iPhone
		{C384C7B7-18F2-453A-80B6-D71102185F2E}.Release|ARM.ActiveCfg = Release|iPhone
		{C384C7B7-18F2-453A-80B6-D71102185F2E}.Release|ARM.Build.0 = Release|iPhone
		{C384C7B7-18F2-453A-80B6-D71102185F2E}.Release|ARM.Deploy.0 = Release|iPhone
		{C384C7B7-18F2-453A-80B6-D71102185F2E}.Release|iPhone.ActiveCfg = Release|iPhone
		{C384C7B7-18F2-453A-80B6-D71102185F2E}.Release|iPhone.Build.0 = Release|iPhone
		{C384C7B7-18F2-453A-80B6-D71102185F2E}.Release|iPhone.Deploy.0 = Release|iPhone
		{C384C7B7-18F2-453A-80B6-D71102185F2E}.Release|iPhoneSimulator.ActiveCfg = Release|iPhoneSimulator
		{C384C7B7-18F2-453A-80B6-D71102185F2E}.Release|iPhoneSimulator.Build.0 = Release|iPhoneSimulator
		{C384C7B7-18F2-453A-80B6-D71102185F2E}.Release|iPhoneSimulator.Deploy.0 = Release|iPhoneSimulator
		{C384C7B7-18F2-453A-80B6-D71102185F2E}.Release|x64.ActiveCfg = Release|iPhone
		{C384C7B7-18F2-453A-80B6-D71102185F2E}.Release|x64.Build.0 = Release|iPhone
		{C384C7B7-18F2-453A-80B6-D71102185F2E}.Release|x64.Deploy.0 = Release|iPhone
		{C384C7B7-18F2-453A-80B6-D71102185F2E}.Release|x86.ActiveCfg = Release|iPhone
		{C384C7B7-18F2-453A-80B6-D71102185F2E}.Release|x86.Build.0 = Release|iPhone
		{C384C7B7-18F2-453A-80B6-D71102185F2E}.Release|x86.Deploy.0 = Release|iPhone
		{D79B5E31-5CA2-4490-820C-EF2B7D64A100}.Ad-Hoc|Any CPU.ActiveCfg = Release|x86
		{D79B5E31-5CA2-4490-820C-EF2B7D64A100}.Ad-Hoc|Any CPU.Build.0 = Release|x86
		{D79B5E31-5CA2-4490-820C-EF2B7D64A100}.Ad-Hoc|Any CPU.Deploy.0 = Release|x86
		{D79B5E31-5CA2-4490-820C-EF2B7D64A100}.Ad-Hoc|ARM.ActiveCfg = Release|ARM
		{D79B5E31-5CA2-4490-820C-EF2B7D64A100}.Ad-Hoc|ARM.Build.0 = Release|ARM
		{D79B5E31-5CA2-4490-820C-EF2B7D64A100}.Ad-Hoc|ARM.Deploy.0 = Release|ARM
		{D79B5E31-5CA2-4490-820C-EF2B7D64A100}.Ad-Hoc|iPhone.ActiveCfg = Release|x86
		{D79B5E31-5CA2-4490-820C-EF2B7D64A100}.Ad-Hoc|iPhone.Build.0 = Release|x86
		{D79B5E31-5CA2-4490-820C-EF2B7D64A100}.Ad-Hoc|iPhone.Deploy.0 = Release|x86
		{D79B5E31-5CA2-4490-820C-EF2B7D64A100}.Ad-Hoc|iPhoneSimulator.ActiveCfg = Release|x86
		{D79B5E31-5CA2-4490-820C-EF2B7D64A100}.Ad-Hoc|iPhoneSimulator.Build.0 = Release|x86
		{D79B5E31-5CA2-4490-820C-EF2B7D64A100}.Ad-Hoc|iPhoneSimulator.Deploy.0 = Release|x86
		{D79B5E31-5CA2-4490-820C-EF2B7D64A100}.Ad-Hoc|x64.ActiveCfg = Release|x64
		{D79B5E31-5CA2-4490-820C-EF2B7D64A100}.Ad-Hoc|x64.Build.0 = Release|x64
		{D79B5E31-5CA2-4490-820C-EF2B7D64A100}.Ad-Hoc|x64.Deploy.0 = Release|x64
		{D79B5E31-5CA2-4490-820C-EF2B7D64A100}.Ad-Hoc|x86.ActiveCfg = Release|x86
		{D79B5E31-5CA2-4490-820C-EF2B7D64A100}.Ad-Hoc|x86.Build.0 = Release|x86
		{D79B5E31-5CA2-4490-820C-EF2B7D64A100}.Ad-Hoc|x86.Deploy.0 = Release|x86
		{D79B5E31-5CA2-4490-820C-EF2B7D64A100}.AppStore|Any CPU.ActiveCfg = Release|x86
		{D79B5E31-5CA2-4490-820C-EF2B7D64A100}.AppStore|Any CPU.Build.0 = Release|x86
		{D79B5E31-5CA2-4490-820C-EF2B7D64A100}.AppStore|Any CPU.Deploy.0 = Release|x86
		{D79B5E31-5CA2-4490-820C-EF2B7D64A100}.AppStore|ARM.ActiveCfg = Release|ARM
		{D79B5E31-5CA2-4490-820C-EF2B7D64A100}.AppStore|ARM.Build.0 = Release|ARM
		{D79B5E31-5CA2-4490-820C-EF2B7D64A100}.AppStore|ARM.Deploy.0 = Release|ARM
		{D79B5E31-5CA2-4490-820C-EF2B7D64A100}.AppStore|iPhone.ActiveCfg = Release|x86
		{D79B5E31-5CA2-4490-820C-EF2B7D64A100}.AppStore|iPhone.Build.0 = Release|x86
		{D79B5E31-5CA2-4490-820C-EF2B7D64A100}.AppStore|iPhone.Deploy.0 = Release|x86
		{D79B5E31-5CA2-4490-820C-EF2B7D64A100}.AppStore|iPhoneSimulator.ActiveCfg = Release|x86
		{D79B5E31-5CA2-4490-820C-EF2B7D64A100}.AppStore|iPhoneSimulator.Build.0 = Release|x86
		{D79B5E31-5CA2-4490-820C-EF2B7D64A100}.AppStore|iPhoneSimulator.Deploy.0 = Release|x86
		{D79B5E31-5CA2-4490-820C-EF2B7D64A100}.AppStore|x64.ActiveCfg = Release|x64
		{D79B5E31-5CA2-4490-820C-EF2B7D64A100}.AppStore|x64.Build.0 = Release|x64
		{D79B5E31-5CA2-4490-820C-EF2B7D64A100}.AppStore|x64.Deploy.0 = Release|x64
		{D79B5E31-5CA2-4490-820C-EF2B7D64A100}.AppStore|x86.ActiveCfg = Release|x86
		{D79B5E31-5CA2-4490-820C-EF2B7D64A100}.AppStore|x86.Build.0 = Release|x86
		{D79B5E31-5CA2-4490-820C-EF2B7D64A100}.AppStore|x86.Deploy.0 = Release|x86
		{D79B5E31-5CA2-4490-820C-EF2B7D64A100}.Debug|Any CPU.ActiveCfg = Debug|x86
		{D79B5E31-5CA2-4490-820C-EF2B7D64A100}.Debug|Any CPU.Build.0 = Debug|x86
		{D79B5E31-5CA2-4490-820C-EF2B7D64A100}.Debug|Any CPU.Deploy.0 = Debug|x86
		{D79B5E31-5CA2-4490-820C-EF2B7D64A100}.Debug|ARM.ActiveCfg = Debug|ARM
		{D79B5E31-5CA2-4490-820C-EF2B7D64A100}.Debug|ARM.Build.0 = Debug|ARM
		{D79B5E31-5CA2-4490-820C-EF2B7D64A100}.Debug|ARM.Deploy.0 = Debug|ARM
		{D79B5E31-5CA2-4490-820C-EF2B7D64A100}.Debug|iPhone.ActiveCfg = Debug|x86
		{D79B5E31-5CA2-4490-820C-EF2B7D64A100}.Debug|iPhone.Build.0 = Debug|x86
		{D79B5E31-5CA2-4490-820C-EF2B7D64A100}.Debug|iPhone.Deploy.0 = Debug|x86
		{D79B5E31-5CA2-4490-820C-EF2B7D64A100}.Debug|iPhoneSimulator.ActiveCfg = Debug|x86
		{D79B5E31-5CA2-4490-820C-EF2B7D64A100}.Debug|iPhoneSimulator.Build.0 = Debug|x86
		{D79B5E31-5CA2-4490-820C-EF2B7D64A100}.Debug|iPhoneSimulator.Deploy.0 = Debug|x86
		{D79B5E31-5CA2-4490-820C-EF2B7D64A100}.Debug|x64.ActiveCfg = Debug|x64
		{D79B5E31-5CA2-4490-820C-EF2B7D64A100}.Debug|x64.Build.0 = Debug|x64
		{D79B5E31-5CA2-4490-820C-EF2B7D64A100}.Debug|x64.Deploy.0 = Debug|x64
		{D79B5E31-5CA2-4490-820C-EF2B7D64A100}.Debug|x86.ActiveCfg = Debug|x86
		{D79B5E31-5CA2-4490-820C-EF2B7D64A100}.Debug|x86.Build.0 = Debug|x86
		{D79B5E31-5CA2-4490-820C-EF2B7D64A100}.Debug|x86.Deploy.0 = Debug|x86
		{D79B5E31-5CA2-4490-820C-EF2B7D64A100}.Release|Any CPU.ActiveCfg = Release|x86
		{D79B5E31-5CA2-4490-820C-EF2B7D64A100}.Release|Any CPU.Build.0 = Release|x86
		{D79B5E31-5CA2-4490-820C-EF2B7D64A100}.Release|Any CPU.Deploy.0 = Release|x86
		{D79B5E31-5CA2-4490-820C-EF2B7D64A100}.Release|ARM.ActiveCfg = Release|ARM
		{D79B5E31-5CA2-4490-820C-EF2B7D64A100}.Release|ARM.Build.0 = Release|ARM
		{D79B5E31-5CA2-4490-820C-EF2B7D64A100}.Release|ARM.Deploy.0 = Release|ARM
		{D79B5E31-5CA2-4490-820C-EF2B7D64A100}.Release|iPhone.ActiveCfg = Release|x86
		{D79B5E31-5CA2-4490-820C-EF2B7D64A100}.Release|iPhone.Build.0 = Release|x86
		{D79B5E31-5CA2-4490-820C-EF2B7D64A100}.Release|iPhone.Deploy.0 = Release|x86
		{D79B5E31-5CA2-4490-820C-EF2B7D64A100}.Release|iPhoneSimulator.ActiveCfg = Release|x86
		{D79B5E31-5CA2-4490-820C-EF2B7D64A100}.Release|iPhoneSimulator.Build.0 = Release|x86
		{D79B5E31-5CA2-4490-820C-EF2B7D64A100}.Release|iPhoneSimulator.Deploy.0 = Release|x86
		{D79B5E31-5CA2-4490-820C-EF2B7D64A100}.Release|x64.ActiveCfg = Release|x64
		{D79B5E31-5CA2-4490-820C-EF2B7D64A100}.Release|x64.Build.0 = Release|x64
		{D79B5E31-5CA2-4490-820C-EF2B7D64A100}.Release|x64.Deploy.0 = Release|x64
		{D79B5E31-5CA2-4490-820C-EF2B7D64A100}.Release|x86.ActiveCfg = Release|x86
		{D79B5E31-5CA2-4490-820C-EF2B7D64A100}.Release|x86.Build.0 = Release|x86
		{D79B5E31-5CA2-4490-820C-EF2B7D64A100}.Release|x86.Deploy.0 = Release|x86
		{9109F8AD-4A29-4319-A555-AE0530198A36}.Ad-Hoc|Any CPU.ActiveCfg = Debug|Any CPU
		{9109F8AD-4A29-4319-A555-AE0530198A36}.Ad-Hoc|Any CPU.Build.0 = Debug|Any CPU
		{9109F8AD-4A29-4319-A555-AE0530198A36}.Ad-Hoc|Any CPU.Deploy.0 = Debug|Any CPU
		{9109F8AD-4A29-4319-A555-AE0530198A36}.Ad-Hoc|ARM.ActiveCfg = Debug|Any CPU
		{9109F8AD-4A29-4319-A555-AE0530198A36}.Ad-Hoc|ARM.Build.0 = Debug|Any CPU
		{9109F8AD-4A29-4319-A555-AE0530198A36}.Ad-Hoc|ARM.Deploy.0 = Debug|Any CPU
		{9109F8AD-4A29-4319-A555-AE0530198A36}.Ad-Hoc|iPhone.ActiveCfg = Debug|Any CPU
		{9109F8AD-4A29-4319-A555-AE0530198A36}.Ad-Hoc|iPhone.Build.0 = Debug|Any CPU
		{9109F8AD-4A29-4319-A555-AE0530198A36}.Ad-Hoc|iPhone.Deploy.0 = Debug|Any CPU
		{9109F8AD-4A29-4319-A555-AE0530198A36}.Ad-Hoc|iPhoneSimulator.ActiveCfg = Debug|Any CPU
		{9109F8AD-4A29-4319-A555-AE0530198A36}.Ad-Hoc|iPhoneSimulator.Build.0 = Debug|Any CPU
		{9109F8AD-4A29-4319-A555-AE0530198A36}.Ad-Hoc|iPhoneSimulator.Deploy.0 = Debug|Any CPU
		{9109F8AD-4A29-4319-A555-AE0530198A36}.Ad-Hoc|x64.ActiveCfg = Debug|Any CPU
		{9109F8AD-4A29-4319-A555-AE0530198A36}.Ad-Hoc|x64.Build.0 = Debug|Any CPU
		{9109F8AD-4A29-4319-A555-AE0530198A36}.Ad-Hoc|x64.Deploy.0 = Debug|Any CPU
		{9109F8AD-4A29-4319-A555-AE0530198A36}.Ad-Hoc|x86.ActiveCfg = Debug|Any CPU
		{9109F8AD-4A29-4319-A555-AE0530198A36}.Ad-Hoc|x86.Build.0 = Debug|Any CPU
		{9109F8AD-4A29-4319-A555-AE0530198A36}.Ad-Hoc|x86.Deploy.0 = Debug|Any CPU
		{9109F8AD-4A29-4319-A555-AE0530198A36}.AppStore|Any CPU.ActiveCfg = Debug|Any CPU
		{9109F8AD-4A29-4319-A555-AE0530198A36}.AppStore|Any CPU.Build.0 = Debug|Any CPU
		{9109F8AD-4A29-4319-A555-AE0530198A36}.AppStore|Any CPU.Deploy.0 = Debug|Any CPU
		{9109F8AD-4A29-4319-A555-AE0530198A36}.AppStore|ARM.ActiveCfg = Debug|Any CPU
		{9109F8AD-4A29-4319-A555-AE0530198A36}.AppStore|ARM.Build.0 = Debug|Any CPU
		{9109F8AD-4A29-4319-A555-AE0530198A36}.AppStore|ARM.Deploy.0 = Debug|Any CPU
		{9109F8AD-4A29-4319-A555-AE0530198A36}.AppStore|iPhone.ActiveCfg = Debug|Any CPU
		{9109F8AD-4A29-4319-A555-AE0530198A36}.AppStore|iPhone.Build.0 = Debug|Any CPU
		{9109F8AD-4A29-4319-A555-AE0530198A36}.AppStore|iPhone.Deploy.0 = Debug|Any CPU
		{9109F8AD-4A29-4319-A555-AE0530198A36}.AppStore|iPhoneSimulator.ActiveCfg = Debug|Any CPU
		{9109F8AD-4A29-4319-A555-AE0530198A36}.AppStore|iPhoneSimulator.Build.0 = Debug|Any CPU
		{9109F8AD-4A29-4319-A555-AE0530198A36}.AppStore|iPhoneSimulator.Deploy.0 = Debug|Any CPU
		{9109F8AD-4A29-4319-A555-AE0530198A36}.AppStore|x64.ActiveCfg = Debug|Any CPU
		{9109F8AD-4A29-4319-A555-AE0530198A36}.AppStore|x64.Build.0 = Debug|Any CPU
		{9109F8AD-4A29-4319-A555-AE0530198A36}.AppStore|x64.Deploy.0 = Debug|Any CPU
		{9109F8AD-4A29-4319-A555-AE0530198A36}.AppStore|x86.ActiveCfg = Debug|Any CPU
		{9109F8AD-4A29-4319-A555-AE0530198A36}.AppStore|x86.Build.0 = Debug|Any CPU
		{9109F8AD-4A29-4319-A555-AE0530198A36}.AppStore|x86.Deploy.0 = Debug|Any CPU
		{9109F8AD-4A29-4319-A555-AE0530198A36}.Debug|Any CPU.ActiveCfg = Debug|Any CPU
		{9109F8AD-4A29-4319-A555-AE0530198A36}.Debug|Any CPU.Build.0 = Debug|Any CPU
		{9109F8AD-4A29-4319-A555-AE0530198A36}.Debug|Any CPU.Deploy.0 = Debug|Any CPU
		{9109F8AD-4A29-4319-A555-AE0530198A36}.Debug|ARM.ActiveCfg = Debug|Any CPU
		{9109F8AD-4A29-4319-A555-AE0530198A36}.Debug|ARM.Build.0 = Debug|Any CPU
		{9109F8AD-4A29-4319-A555-AE0530198A36}.Debug|ARM.Deploy.0 = Debug|Any CPU
		{9109F8AD-4A29-4319-A555-AE0530198A36}.Debug|iPhone.ActiveCfg = Debug|Any CPU
		{9109F8AD-4A29-4319-A555-AE0530198A36}.Debug|iPhone.Build.0 = Debug|Any CPU
		{9109F8AD-4A29-4319-A555-AE0530198A36}.Debug|iPhone.Deploy.0 = Debug|Any CPU
		{9109F8AD-4A29-4319-A555-AE0530198A36}.Debug|iPhoneSimulator.ActiveCfg = Debug|Any CPU
		{9109F8AD-4A29-4319-A555-AE0530198A36}.Debug|iPhoneSimulator.Build.0 = Debug|Any CPU
		{9109F8AD-4A29-4319-A555-AE0530198A36}.Debug|iPhoneSimulator.Deploy.0 = Debug|Any CPU
		{9109F8AD-4A29-4319-A555-AE0530198A36}.Debug|x64.ActiveCfg = Debug|Any CPU
		{9109F8AD-4A29-4319-A555-AE0530198A36}.Debug|x64.Build.0 = Debug|Any CPU
		{9109F8AD-4A29-4319-A555-AE0530198A36}.Debug|x64.Deploy.0 = Debug|Any CPU
		{9109F8AD-4A29-4319-A555-AE0530198A36}.Debug|x86.ActiveCfg = Debug|Any CPU
		{9109F8AD-4A29-4319-A555-AE0530198A36}.Debug|x86.Build.0 = Debug|Any CPU
		{9109F8AD-4A29-4319-A555-AE0530198A36}.Debug|x86.Deploy.0 = Debug|Any CPU
		{9109F8AD-4A29-4319-A555-AE0530198A36}.Release|Any CPU.ActiveCfg = Release|Any CPU
		{9109F8AD-4A29-4319-A555-AE0530198A36}.Release|Any CPU.Build.0 = Release|Any CPU
		{9109F8AD-4A29-4319-A555-AE0530198A36}.Release|Any CPU.Deploy.0 = Release|Any CPU
		{9109F8AD-4A29-4319-A555-AE0530198A36}.Release|ARM.ActiveCfg = Release|Any CPU
		{9109F8AD-4A29-4319-A555-AE0530198A36}.Release|ARM.Build.0 = Release|Any CPU
		{9109F8AD-4A29-4319-A555-AE0530198A36}.Release|ARM.Deploy.0 = Release|Any CPU
		{9109F8AD-4A29-4319-A555-AE0530198A36}.Release|iPhone.ActiveCfg = Release|Any CPU
		{9109F8AD-4A29-4319-A555-AE0530198A36}.Release|iPhone.Build.0 = Release|Any CPU
		{9109F8AD-4A29-4319-A555-AE0530198A36}.Release|iPhone.Deploy.0 = Release|Any CPU
		{9109F8AD-4A29-4319-A555-AE0530198A36}.Release|iPhoneSimulator.ActiveCfg = Release|Any CPU
		{9109F8AD-4A29-4319-A555-AE0530198A36}.Release|iPhoneSimulator.Build.0 = Release|Any CPU
		{9109F8AD-4A29-4319-A555-AE0530198A36}.Release|iPhoneSimulator.Deploy.0 = Release|Any CPU
		{9109F8AD-4A29-4319-A555-AE0530198A36}.Release|x64.ActiveCfg = Release|Any CPU
		{9109F8AD-4A29-4319-A555-AE0530198A36}.Release|x64.Build.0 = Release|Any CPU
		{9109F8AD-4A29-4319-A555-AE0530198A36}.Release|x64.Deploy.0 = Release|Any CPU
		{9109F8AD-4A29-4319-A555-AE0530198A36}.Release|x86.ActiveCfg = Release|Any CPU
		{9109F8AD-4A29-4319-A555-AE0530198A36}.Release|x86.Build.0 = Release|Any CPU
		{9109F8AD-4A29-4319-A555-AE0530198A36}.Release|x86.Deploy.0 = Release|Any CPU
		{6B0C352B-42B0-4335-8444-DCFC9C77EB25}.Ad-Hoc|Any CPU.ActiveCfg = Release|Any CPU
		{6B0C352B-42B0-4335-8444-DCFC9C77EB25}.Ad-Hoc|Any CPU.Build.0 = Release|Any CPU
		{6B0C352B-42B0-4335-8444-DCFC9C77EB25}.Ad-Hoc|ARM.ActiveCfg = Release|Any CPU
		{6B0C352B-42B0-4335-8444-DCFC9C77EB25}.Ad-Hoc|ARM.Build.0 = Release|Any CPU
		{6B0C352B-42B0-4335-8444-DCFC9C77EB25}.Ad-Hoc|iPhone.ActiveCfg = Release|Any CPU
		{6B0C352B-42B0-4335-8444-DCFC9C77EB25}.Ad-Hoc|iPhone.Build.0 = Release|Any CPU
		{6B0C352B-42B0-4335-8444-DCFC9C77EB25}.Ad-Hoc|iPhoneSimulator.ActiveCfg = Release|Any CPU
		{6B0C352B-42B0-4335-8444-DCFC9C77EB25}.Ad-Hoc|iPhoneSimulator.Build.0 = Release|Any CPU
		{6B0C352B-42B0-4335-8444-DCFC9C77EB25}.Ad-Hoc|x64.ActiveCfg = Release|Any CPU
		{6B0C352B-42B0-4335-8444-DCFC9C77EB25}.Ad-Hoc|x64.Build.0 = Release|Any CPU
		{6B0C352B-42B0-4335-8444-DCFC9C77EB25}.Ad-Hoc|x86.ActiveCfg = Release|Any CPU
		{6B0C352B-42B0-4335-8444-DCFC9C77EB25}.Ad-Hoc|x86.Build.0 = Release|Any CPU
		{6B0C352B-42B0-4335-8444-DCFC9C77EB25}.AppStore|Any CPU.ActiveCfg = Release|Any CPU
		{6B0C352B-42B0-4335-8444-DCFC9C77EB25}.AppStore|Any CPU.Build.0 = Release|Any CPU
		{6B0C352B-42B0-4335-8444-DCFC9C77EB25}.AppStore|ARM.ActiveCfg = Release|Any CPU
		{6B0C352B-42B0-4335-8444-DCFC9C77EB25}.AppStore|ARM.Build.0 = Release|Any CPU
		{6B0C352B-42B0-4335-8444-DCFC9C77EB25}.AppStore|iPhone.ActiveCfg = Release|Any CPU
		{6B0C352B-42B0-4335-8444-DCFC9C77EB25}.AppStore|iPhone.Build.0 = Release|Any CPU
		{6B0C352B-42B0-4335-8444-DCFC9C77EB25}.AppStore|iPhoneSimulator.ActiveCfg = Release|Any CPU
		{6B0C352B-42B0-4335-8444-DCFC9C77EB25}.AppStore|iPhoneSimulator.Build.0 = Release|Any CPU
		{6B0C352B-42B0-4335-8444-DCFC9C77EB25}.AppStore|x64.ActiveCfg = Release|Any CPU
		{6B0C352B-42B0-4335-8444-DCFC9C77EB25}.AppStore|x64.Build.0 = Release|Any CPU
		{6B0C352B-42B0-4335-8444-DCFC9C77EB25}.AppStore|x86.ActiveCfg = Release|Any CPU
		{6B0C352B-42B0-4335-8444-DCFC9C77EB25}.AppStore|x86.Build.0 = Release|Any CPU
		{6B0C352B-42B0-4335-8444-DCFC9C77EB25}.Debug|Any CPU.ActiveCfg = Debug|Any CPU
		{6B0C352B-42B0-4335-8444-DCFC9C77EB25}.Debug|Any CPU.Build.0 = Debug|Any CPU
		{6B0C352B-42B0-4335-8444-DCFC9C77EB25}.Debug|ARM.ActiveCfg = Debug|Any CPU
		{6B0C352B-42B0-4335-8444-DCFC9C77EB25}.Debug|ARM.Build.0 = Debug|Any CPU
		{6B0C352B-42B0-4335-8444-DCFC9C77EB25}.Debug|iPhone.ActiveCfg = Debug|Any CPU
		{6B0C352B-42B0-4335-8444-DCFC9C77EB25}.Debug|iPhone.Build.0 = Debug|Any CPU
		{6B0C352B-42B0-4335-8444-DCFC9C77EB25}.Debug|iPhoneSimulator.ActiveCfg = Debug|Any CPU
		{6B0C352B-42B0-4335-8444-DCFC9C77EB25}.Debug|iPhoneSimulator.Build.0 = Debug|Any CPU
		{6B0C352B-42B0-4335-8444-DCFC9C77EB25}.Debug|x64.ActiveCfg = Debug|Any CPU
		{6B0C352B-42B0-4335-8444-DCFC9C77EB25}.Debug|x64.Build.0 = Debug|Any CPU
		{6B0C352B-42B0-4335-8444-DCFC9C77EB25}.Debug|x86.ActiveCfg = Debug|Any CPU
		{6B0C352B-42B0-4335-8444-DCFC9C77EB25}.Debug|x86.Build.0 = Debug|Any CPU
		{6B0C352B-42B0-4335-8444-DCFC9C77EB25}.Release|Any CPU.ActiveCfg = Release|Any CPU
		{6B0C352B-42B0-4335-8444-DCFC9C77EB25}.Release|Any CPU.Build.0 = Release|Any CPU
		{6B0C352B-42B0-4335-8444-DCFC9C77EB25}.Release|ARM.ActiveCfg = Release|Any CPU
		{6B0C352B-42B0-4335-8444-DCFC9C77EB25}.Release|ARM.Build.0 = Release|Any CPU
		{6B0C352B-42B0-4335-8444-DCFC9C77EB25}.Release|iPhone.ActiveCfg = Release|Any CPU
		{6B0C352B-42B0-4335-8444-DCFC9C77EB25}.Release|iPhone.Build.0 = Release|Any CPU
		{6B0C352B-42B0-4335-8444-DCFC9C77EB25}.Release|iPhoneSimulator.ActiveCfg = Release|Any CPU
		{6B0C352B-42B0-4335-8444-DCFC9C77EB25}.Release|iPhoneSimulator.Build.0 = Release|Any CPU
		{6B0C352B-42B0-4335-8444-DCFC9C77EB25}.Release|x64.ActiveCfg = Release|Any CPU
		{6B0C352B-42B0-4335-8444-DCFC9C77EB25}.Release|x64.Build.0 = Release|Any CPU
		{6B0C352B-42B0-4335-8444-DCFC9C77EB25}.Release|x86.ActiveCfg = Release|Any CPU
		{6B0C352B-42B0-4335-8444-DCFC9C77EB25}.Release|x86.Build.0 = Release|Any CPU
		{0879FBF0-48CF-4EE2-9117-BFEF4845DCB2}.Ad-Hoc|Any CPU.ActiveCfg = Release|Any CPU
		{0879FBF0-48CF-4EE2-9117-BFEF4845DCB2}.Ad-Hoc|Any CPU.Build.0 = Release|Any CPU
		{0879FBF0-48CF-4EE2-9117-BFEF4845DCB2}.Ad-Hoc|ARM.ActiveCfg = Release|Any CPU
		{0879FBF0-48CF-4EE2-9117-BFEF4845DCB2}.Ad-Hoc|ARM.Build.0 = Release|Any CPU
		{0879FBF0-48CF-4EE2-9117-BFEF4845DCB2}.Ad-Hoc|iPhone.ActiveCfg = Release|Any CPU
		{0879FBF0-48CF-4EE2-9117-BFEF4845DCB2}.Ad-Hoc|iPhone.Build.0 = Release|Any CPU
		{0879FBF0-48CF-4EE2-9117-BFEF4845DCB2}.Ad-Hoc|iPhoneSimulator.ActiveCfg = Release|Any CPU
		{0879FBF0-48CF-4EE2-9117-BFEF4845DCB2}.Ad-Hoc|iPhoneSimulator.Build.0 = Release|Any CPU
		{0879FBF0-48CF-4EE2-9117-BFEF4845DCB2}.Ad-Hoc|x64.ActiveCfg = Release|Any CPU
		{0879FBF0-48CF-4EE2-9117-BFEF4845DCB2}.Ad-Hoc|x64.Build.0 = Release|Any CPU
		{0879FBF0-48CF-4EE2-9117-BFEF4845DCB2}.Ad-Hoc|x86.ActiveCfg = Release|Any CPU
		{0879FBF0-48CF-4EE2-9117-BFEF4845DCB2}.Ad-Hoc|x86.Build.0 = Release|Any CPU
		{0879FBF0-48CF-4EE2-9117-BFEF4845DCB2}.AppStore|Any CPU.ActiveCfg = Release|Any CPU
		{0879FBF0-48CF-4EE2-9117-BFEF4845DCB2}.AppStore|Any CPU.Build.0 = Release|Any CPU
		{0879FBF0-48CF-4EE2-9117-BFEF4845DCB2}.AppStore|ARM.ActiveCfg = Release|Any CPU
		{0879FBF0-48CF-4EE2-9117-BFEF4845DCB2}.AppStore|ARM.Build.0 = Release|Any CPU
		{0879FBF0-48CF-4EE2-9117-BFEF4845DCB2}.AppStore|iPhone.ActiveCfg = Release|Any CPU
		{0879FBF0-48CF-4EE2-9117-BFEF4845DCB2}.AppStore|iPhone.Build.0 = Release|Any CPU
		{0879FBF0-48CF-4EE2-9117-BFEF4845DCB2}.AppStore|iPhoneSimulator.ActiveCfg = Release|Any CPU
		{0879FBF0-48CF-4EE2-9117-BFEF4845DCB2}.AppStore|iPhoneSimulator.Build.0 = Release|Any CPU
		{0879FBF0-48CF-4EE2-9117-BFEF4845DCB2}.AppStore|x64.ActiveCfg = Release|Any CPU
		{0879FBF0-48CF-4EE2-9117-BFEF4845DCB2}.AppStore|x64.Build.0 = Release|Any CPU
		{0879FBF0-48CF-4EE2-9117-BFEF4845DCB2}.AppStore|x86.ActiveCfg = Release|Any CPU
		{0879FBF0-48CF-4EE2-9117-BFEF4845DCB2}.AppStore|x86.Build.0 = Release|Any CPU
		{0879FBF0-48CF-4EE2-9117-BFEF4845DCB2}.Debug|Any CPU.ActiveCfg = Debug|Any CPU
		{0879FBF0-48CF-4EE2-9117-BFEF4845DCB2}.Debug|Any CPU.Build.0 = Debug|Any CPU
		{0879FBF0-48CF-4EE2-9117-BFEF4845DCB2}.Debug|ARM.ActiveCfg = Debug|Any CPU
		{0879FBF0-48CF-4EE2-9117-BFEF4845DCB2}.Debug|ARM.Build.0 = Debug|Any CPU
		{0879FBF0-48CF-4EE2-9117-BFEF4845DCB2}.Debug|iPhone.ActiveCfg = Debug|Any CPU
		{0879FBF0-48CF-4EE2-9117-BFEF4845DCB2}.Debug|iPhone.Build.0 = Debug|Any CPU
		{0879FBF0-48CF-4EE2-9117-BFEF4845DCB2}.Debug|iPhoneSimulator.ActiveCfg = Debug|Any CPU
		{0879FBF0-48CF-4EE2-9117-BFEF4845DCB2}.Debug|iPhoneSimulator.Build.0 = Debug|Any CPU
		{0879FBF0-48CF-4EE2-9117-BFEF4845DCB2}.Debug|x64.ActiveCfg = Debug|Any CPU
		{0879FBF0-48CF-4EE2-9117-BFEF4845DCB2}.Debug|x64.Build.0 = Debug|Any CPU
		{0879FBF0-48CF-4EE2-9117-BFEF4845DCB2}.Debug|x86.ActiveCfg = Debug|Any CPU
		{0879FBF0-48CF-4EE2-9117-BFEF4845DCB2}.Debug|x86.Build.0 = Debug|Any CPU
		{0879FBF0-48CF-4EE2-9117-BFEF4845DCB2}.Release|Any CPU.ActiveCfg = Release|Any CPU
		{0879FBF0-48CF-4EE2-9117-BFEF4845DCB2}.Release|Any CPU.Build.0 = Release|Any CPU
		{0879FBF0-48CF-4EE2-9117-BFEF4845DCB2}.Release|ARM.ActiveCfg = Release|Any CPU
		{0879FBF0-48CF-4EE2-9117-BFEF4845DCB2}.Release|ARM.Build.0 = Release|Any CPU
		{0879FBF0-48CF-4EE2-9117-BFEF4845DCB2}.Release|iPhone.ActiveCfg = Release|Any CPU
		{0879FBF0-48CF-4EE2-9117-BFEF4845DCB2}.Release|iPhone.Build.0 = Release|Any CPU
		{0879FBF0-48CF-4EE2-9117-BFEF4845DCB2}.Release|iPhoneSimulator.ActiveCfg = Release|Any CPU
		{0879FBF0-48CF-4EE2-9117-BFEF4845DCB2}.Release|iPhoneSimulator.Build.0 = Release|Any CPU
		{0879FBF0-48CF-4EE2-9117-BFEF4845DCB2}.Release|x64.ActiveCfg = Release|Any CPU
		{0879FBF0-48CF-4EE2-9117-BFEF4845DCB2}.Release|x64.Build.0 = Release|Any CPU
		{0879FBF0-48CF-4EE2-9117-BFEF4845DCB2}.Release|x86.ActiveCfg = Release|Any CPU
		{0879FBF0-48CF-4EE2-9117-BFEF4845DCB2}.Release|x86.Build.0 = Release|Any CPU
		{F758E20A-9CA6-4E14-ADEE-0C7D8DB841A5}.Ad-Hoc|Any CPU.ActiveCfg = Release|Any CPU
		{F758E20A-9CA6-4E14-ADEE-0C7D8DB841A5}.Ad-Hoc|Any CPU.Build.0 = Release|Any CPU
		{F758E20A-9CA6-4E14-ADEE-0C7D8DB841A5}.Ad-Hoc|ARM.ActiveCfg = Release|Any CPU
		{F758E20A-9CA6-4E14-ADEE-0C7D8DB841A5}.Ad-Hoc|ARM.Build.0 = Release|Any CPU
		{F758E20A-9CA6-4E14-ADEE-0C7D8DB841A5}.Ad-Hoc|iPhone.ActiveCfg = Release|Any CPU
		{F758E20A-9CA6-4E14-ADEE-0C7D8DB841A5}.Ad-Hoc|iPhone.Build.0 = Release|Any CPU
		{F758E20A-9CA6-4E14-ADEE-0C7D8DB841A5}.Ad-Hoc|iPhoneSimulator.ActiveCfg = Release|Any CPU
		{F758E20A-9CA6-4E14-ADEE-0C7D8DB841A5}.Ad-Hoc|iPhoneSimulator.Build.0 = Release|Any CPU
		{F758E20A-9CA6-4E14-ADEE-0C7D8DB841A5}.Ad-Hoc|x64.ActiveCfg = Release|Any CPU
		{F758E20A-9CA6-4E14-ADEE-0C7D8DB841A5}.Ad-Hoc|x64.Build.0 = Release|Any CPU
		{F758E20A-9CA6-4E14-ADEE-0C7D8DB841A5}.Ad-Hoc|x86.ActiveCfg = Release|Any CPU
		{F758E20A-9CA6-4E14-ADEE-0C7D8DB841A5}.Ad-Hoc|x86.Build.0 = Release|Any CPU
		{F758E20A-9CA6-4E14-ADEE-0C7D8DB841A5}.AppStore|Any CPU.ActiveCfg = Release|Any CPU
		{F758E20A-9CA6-4E14-ADEE-0C7D8DB841A5}.AppStore|Any CPU.Build.0 = Release|Any CPU
		{F758E20A-9CA6-4E14-ADEE-0C7D8DB841A5}.AppStore|ARM.ActiveCfg = Release|Any CPU
		{F758E20A-9CA6-4E14-ADEE-0C7D8DB841A5}.AppStore|ARM.Build.0 = Release|Any CPU
		{F758E20A-9CA6-4E14-ADEE-0C7D8DB841A5}.AppStore|iPhone.ActiveCfg = Release|Any CPU
		{F758E20A-9CA6-4E14-ADEE-0C7D8DB841A5}.AppStore|iPhone.Build.0 = Release|Any CPU
		{F758E20A-9CA6-4E14-ADEE-0C7D8DB841A5}.AppStore|iPhoneSimulator.ActiveCfg = Release|Any CPU
		{F758E20A-9CA6-4E14-ADEE-0C7D8DB841A5}.AppStore|iPhoneSimulator.Build.0 = Release|Any CPU
		{F758E20A-9CA6-4E14-ADEE-0C7D8DB841A5}.AppStore|x64.ActiveCfg = Release|Any CPU
		{F758E20A-9CA6-4E14-ADEE-0C7D8DB841A5}.AppStore|x64.Build.0 = Release|Any CPU
		{F758E20A-9CA6-4E14-ADEE-0C7D8DB841A5}.AppStore|x86.ActiveCfg = Release|Any CPU
		{F758E20A-9CA6-4E14-ADEE-0C7D8DB841A5}.AppStore|x86.Build.0 = Release|Any CPU
		{F758E20A-9CA6-4E14-ADEE-0C7D8DB841A5}.Debug|Any CPU.ActiveCfg = Debug|Any CPU
		{F758E20A-9CA6-4E14-ADEE-0C7D8DB841A5}.Debug|Any CPU.Build.0 = Debug|Any CPU
		{F758E20A-9CA6-4E14-ADEE-0C7D8DB841A5}.Debug|ARM.ActiveCfg = Debug|Any CPU
		{F758E20A-9CA6-4E14-ADEE-0C7D8DB841A5}.Debug|ARM.Build.0 = Debug|Any CPU
		{F758E20A-9CA6-4E14-ADEE-0C7D8DB841A5}.Debug|iPhone.ActiveCfg = Debug|Any CPU
		{F758E20A-9CA6-4E14-ADEE-0C7D8DB841A5}.Debug|iPhone.Build.0 = Debug|Any CPU
		{F758E20A-9CA6-4E14-ADEE-0C7D8DB841A5}.Debug|iPhoneSimulator.ActiveCfg = Debug|Any CPU
		{F758E20A-9CA6-4E14-ADEE-0C7D8DB841A5}.Debug|iPhoneSimulator.Build.0 = Debug|Any CPU
		{F758E20A-9CA6-4E14-ADEE-0C7D8DB841A5}.Debug|x64.ActiveCfg = Debug|Any CPU
		{F758E20A-9CA6-4E14-ADEE-0C7D8DB841A5}.Debug|x64.Build.0 = Debug|Any CPU
		{F758E20A-9CA6-4E14-ADEE-0C7D8DB841A5}.Debug|x86.ActiveCfg = Debug|Any CPU
		{F758E20A-9CA6-4E14-ADEE-0C7D8DB841A5}.Debug|x86.Build.0 = Debug|Any CPU
		{F758E20A-9CA6-4E14-ADEE-0C7D8DB841A5}.Release|Any CPU.ActiveCfg = Release|Any CPU
		{F758E20A-9CA6-4E14-ADEE-0C7D8DB841A5}.Release|Any CPU.Build.0 = Release|Any CPU
		{F758E20A-9CA6-4E14-ADEE-0C7D8DB841A5}.Release|ARM.ActiveCfg = Release|Any CPU
		{F758E20A-9CA6-4E14-ADEE-0C7D8DB841A5}.Release|ARM.Build.0 = Release|Any CPU
		{F758E20A-9CA6-4E14-ADEE-0C7D8DB841A5}.Release|iPhone.ActiveCfg = Release|Any CPU
		{F758E20A-9CA6-4E14-ADEE-0C7D8DB841A5}.Release|iPhone.Build.0 = Release|Any CPU
		{F758E20A-9CA6-4E14-ADEE-0C7D8DB841A5}.Release|iPhoneSimulator.ActiveCfg = Release|Any CPU
		{F758E20A-9CA6-4E14-ADEE-0C7D8DB841A5}.Release|iPhoneSimulator.Build.0 = Release|Any CPU
		{F758E20A-9CA6-4E14-ADEE-0C7D8DB841A5}.Release|x64.ActiveCfg = Release|Any CPU
		{F758E20A-9CA6-4E14-ADEE-0C7D8DB841A5}.Release|x64.Build.0 = Release|Any CPU
		{F758E20A-9CA6-4E14-ADEE-0C7D8DB841A5}.Release|x86.ActiveCfg = Release|Any CPU
		{F758E20A-9CA6-4E14-ADEE-0C7D8DB841A5}.Release|x86.Build.0 = Release|Any CPU
		{5A93153A-3E71-414C-BDC5-E0009C9E3B3F}.Ad-Hoc|Any CPU.ActiveCfg = Release|Any CPU
		{5A93153A-3E71-414C-BDC5-E0009C9E3B3F}.Ad-Hoc|Any CPU.Build.0 = Release|Any CPU
		{5A93153A-3E71-414C-BDC5-E0009C9E3B3F}.Ad-Hoc|ARM.ActiveCfg = Release|Any CPU
		{5A93153A-3E71-414C-BDC5-E0009C9E3B3F}.Ad-Hoc|ARM.Build.0 = Release|Any CPU
		{5A93153A-3E71-414C-BDC5-E0009C9E3B3F}.Ad-Hoc|iPhone.ActiveCfg = Release|Any CPU
		{5A93153A-3E71-414C-BDC5-E0009C9E3B3F}.Ad-Hoc|iPhone.Build.0 = Release|Any CPU
		{5A93153A-3E71-414C-BDC5-E0009C9E3B3F}.Ad-Hoc|iPhoneSimulator.ActiveCfg = Release|Any CPU
		{5A93153A-3E71-414C-BDC5-E0009C9E3B3F}.Ad-Hoc|iPhoneSimulator.Build.0 = Release|Any CPU
		{5A93153A-3E71-414C-BDC5-E0009C9E3B3F}.Ad-Hoc|x64.ActiveCfg = Release|Any CPU
		{5A93153A-3E71-414C-BDC5-E0009C9E3B3F}.Ad-Hoc|x64.Build.0 = Release|Any CPU
		{5A93153A-3E71-414C-BDC5-E0009C9E3B3F}.Ad-Hoc|x86.ActiveCfg = Release|Any CPU
		{5A93153A-3E71-414C-BDC5-E0009C9E3B3F}.Ad-Hoc|x86.Build.0 = Release|Any CPU
		{5A93153A-3E71-414C-BDC5-E0009C9E3B3F}.AppStore|Any CPU.ActiveCfg = Release|Any CPU
		{5A93153A-3E71-414C-BDC5-E0009C9E3B3F}.AppStore|Any CPU.Build.0 = Release|Any CPU
		{5A93153A-3E71-414C-BDC5-E0009C9E3B3F}.AppStore|ARM.ActiveCfg = Release|Any CPU
		{5A93153A-3E71-414C-BDC5-E0009C9E3B3F}.AppStore|ARM.Build.0 = Release|Any CPU
		{5A93153A-3E71-414C-BDC5-E0009C9E3B3F}.AppStore|iPhone.ActiveCfg = Release|Any CPU
		{5A93153A-3E71-414C-BDC5-E0009C9E3B3F}.AppStore|iPhone.Build.0 = Release|Any CPU
		{5A93153A-3E71-414C-BDC5-E0009C9E3B3F}.AppStore|iPhoneSimulator.ActiveCfg = Release|Any CPU
		{5A93153A-3E71-414C-BDC5-E0009C9E3B3F}.AppStore|iPhoneSimulator.Build.0 = Release|Any CPU
		{5A93153A-3E71-414C-BDC5-E0009C9E3B3F}.AppStore|x64.ActiveCfg = Release|Any CPU
		{5A93153A-3E71-414C-BDC5-E0009C9E3B3F}.AppStore|x64.Build.0 = Release|Any CPU
		{5A93153A-3E71-414C-BDC5-E0009C9E3B3F}.AppStore|x86.ActiveCfg = Release|Any CPU
		{5A93153A-3E71-414C-BDC5-E0009C9E3B3F}.AppStore|x86.Build.0 = Release|Any CPU
		{5A93153A-3E71-414C-BDC5-E0009C9E3B3F}.Debug|Any CPU.ActiveCfg = Debug|Any CPU
		{5A93153A-3E71-414C-BDC5-E0009C9E3B3F}.Debug|Any CPU.Build.0 = Debug|Any CPU
		{5A93153A-3E71-414C-BDC5-E0009C9E3B3F}.Debug|ARM.ActiveCfg = Debug|Any CPU
		{5A93153A-3E71-414C-BDC5-E0009C9E3B3F}.Debug|ARM.Build.0 = Debug|Any CPU
		{5A93153A-3E71-414C-BDC5-E0009C9E3B3F}.Debug|iPhone.ActiveCfg = Debug|Any CPU
		{5A93153A-3E71-414C-BDC5-E0009C9E3B3F}.Debug|iPhone.Build.0 = Debug|Any CPU
		{5A93153A-3E71-414C-BDC5-E0009C9E3B3F}.Debug|iPhoneSimulator.ActiveCfg = Debug|Any CPU
		{5A93153A-3E71-414C-BDC5-E0009C9E3B3F}.Debug|iPhoneSimulator.Build.0 = Debug|Any CPU
		{5A93153A-3E71-414C-BDC5-E0009C9E3B3F}.Debug|x64.ActiveCfg = Debug|Any CPU
		{5A93153A-3E71-414C-BDC5-E0009C9E3B3F}.Debug|x64.Build.0 = Debug|Any CPU
		{5A93153A-3E71-414C-BDC5-E0009C9E3B3F}.Debug|x86.ActiveCfg = Debug|Any CPU
		{5A93153A-3E71-414C-BDC5-E0009C9E3B3F}.Debug|x86.Build.0 = Debug|Any CPU
		{5A93153A-3E71-414C-BDC5-E0009C9E3B3F}.Release|Any CPU.ActiveCfg = Release|Any CPU
		{5A93153A-3E71-414C-BDC5-E0009C9E3B3F}.Release|Any CPU.Build.0 = Release|Any CPU
		{5A93153A-3E71-414C-BDC5-E0009C9E3B3F}.Release|ARM.ActiveCfg = Release|Any CPU
		{5A93153A-3E71-414C-BDC5-E0009C9E3B3F}.Release|ARM.Build.0 = Release|Any CPU
		{5A93153A-3E71-414C-BDC5-E0009C9E3B3F}.Release|iPhone.ActiveCfg = Release|Any CPU
		{5A93153A-3E71-414C-BDC5-E0009C9E3B3F}.Release|iPhone.Build.0 = Release|Any CPU
		{5A93153A-3E71-414C-BDC5-E0009C9E3B3F}.Release|iPhoneSimulator.ActiveCfg = Release|Any CPU
		{5A93153A-3E71-414C-BDC5-E0009C9E3B3F}.Release|iPhoneSimulator.Build.0 = Release|Any CPU
		{5A93153A-3E71-414C-BDC5-E0009C9E3B3F}.Release|x64.ActiveCfg = Release|Any CPU
		{5A93153A-3E71-414C-BDC5-E0009C9E3B3F}.Release|x64.Build.0 = Release|Any CPU
		{5A93153A-3E71-414C-BDC5-E0009C9E3B3F}.Release|x86.ActiveCfg = Release|Any CPU
		{5A93153A-3E71-414C-BDC5-E0009C9E3B3F}.Release|x86.Build.0 = Release|Any CPU
	EndGlobalSection
	GlobalSection(SolutionProperties) = preSolution
		HideSolutionNode = FALSE
	EndGlobalSection
	GlobalSection(ExtensibilityGlobals) = postSolution
		SolutionGuid = {677C2A10-1F87-47BF-AB7C-A5601B037A20}
	EndGlobalSection
EndGlobal
